
Microsoft Visual Studio Solution File, Format Version 12.00
# Visual Studio 15
VisualStudioVersion = 15.0.26430.12
MinimumVisualStudioVersion = 10.0.40219.1
Project("{FAE04EC0-301F-11D3-BF4B-00C04F79EFBC}") = "XAE", "XAE\XAE\XAE.csproj", "{B8FF9E35-309C-4B21-B4F0-E0C96EBB57D8}"
EndProject
Project("{FAE04EC0-301F-11D3-BF4B-00C04F79EFBC}") = "XAE.Android", "XAE\XAE.Android\XAE.Android.csproj", "{FCAA9FB2-4A51-4188-BDB6-7FC955476B2E}"
EndProject
Project("{FAE04EC0-301F-11D3-BF4B-00C04F79EFBC}") = "XAE.iOS", "XAE\XAE.iOS\XAE.iOS.csproj", "{0E5921FA-ED36-421C-B445-F9B5BFDC0E87}"
EndProject
Project("{FAE04EC0-301F-11D3-BF4B-00C04F79EFBC}") = "XAE.UWP", "XAE\XAE.UWP\XAE.UWP.csproj", "{BA7737C4-AF8D-4B64-90C8-CA5AA55A4F25}"
EndProject
Global
	GlobalSection(SolutionConfigurationPlatforms) = preSolution
		Debug|Any CPU = Debug|Any CPU
		Debug|ARM = Debug|ARM
		Debug|iPhone = Debug|iPhone
		Debug|iPhoneSimulator = Debug|iPhoneSimulator
		Debug|x64 = Debug|x64
		Debug|x86 = Debug|x86
		Release|Any CPU = Release|Any CPU
		Release|ARM = Release|ARM
		Release|iPhone = Release|iPhone
		Release|iPhoneSimulator = Release|iPhoneSimulator
		Release|x64 = Release|x64
		Release|x86 = Release|x86
	EndGlobalSection
	GlobalSection(ProjectConfigurationPlatforms) = postSolution
		{B8FF9E35-309C-4B21-B4F0-E0C96EBB57D8}.Debug|Any CPU.ActiveCfg = Debug|Any CPU
		{B8FF9E35-309C-4B21-B4F0-E0C96EBB57D8}.Debug|Any CPU.Build.0 = Debug|Any CPU
		{B8FF9E35-309C-4B21-B4F0-E0C96EBB57D8}.Debug|ARM.ActiveCfg = Debug|Any CPU
		{B8FF9E35-309C-4B21-B4F0-E0C96EBB57D8}.Debug|ARM.Build.0 = Debug|Any CPU
		{B8FF9E35-309C-4B21-B4F0-E0C96EBB57D8}.Debug|iPhone.ActiveCfg = Debug|Any CPU
		{B8FF9E35-309C-4B21-B4F0-E0C96EBB57D8}.Debug|iPhone.Build.0 = Debug|Any CPU
		{B8FF9E35-309C-4B21-B4F0-E0C96EBB57D8}.Debug|iPhoneSimulator.ActiveCfg = Debug|Any CPU
		{B8FF9E35-309C-4B21-B4F0-E0C96EBB57D8}.Debug|iPhoneSimulator.Build.0 = Debug|Any CPU
		{B8FF9E35-309C-4B21-B4F0-E0C96EBB57D8}.Debug|x64.ActiveCfg = Debug|Any CPU
		{B8FF9E35-309C-4B21-B4F0-E0C96EBB57D8}.Debug|x64.Build.0 = Debug|Any CPU
		{B8FF9E35-309C-4B21-B4F0-E0C96EBB57D8}.Debug|x86.ActiveCfg = Debug|Any CPU
		{B8FF9E35-309C-4B21-B4F0-E0C96EBB57D8}.Debug|x86.Build.0 = Debug|Any CPU
		{B8FF9E35-309C-4B21-B4F0-E0C96EBB57D8}.Release|Any CPU.ActiveCfg = Release|Any CPU
		{B8FF9E35-309C-4B21-B4F0-E0C96EBB57D8}.Release|Any CPU.Build.0 = Release|Any CPU
		{B8FF9E35-309C-4B21-B4F0-E0C96EBB57D8}.Release|ARM.ActiveCfg = Release|Any CPU
		{B8FF9E35-309C-4B21-B4F0-E0C96EBB57D8}.Release|ARM.Build.0 = Release|Any CPU
		{B8FF9E35-309C-4B21-B4F0-E0C96EBB57D8}.Release|iPhone.ActiveCfg = Release|Any CPU
		{B8FF9E35-309C-4B21-B4F0-E0C96EBB57D8}.Release|iPhone.Build.0 = Release|Any CPU
		{B8FF9E35-309C-4B21-B4F0-E0C96EBB57D8}.Release|iPhoneSimulator.ActiveCfg = Release|Any CPU
		{B8FF9E35-309C-4B21-B4F0-E0C96EBB57D8}.Release|iPhoneSimulator.Build.0 = Release|Any CPU
		{B8FF9E35-309C-4B21-B4F0-E0C96EBB57D8}.Release|x64.ActiveCfg = Release|Any CPU
		{B8FF9E35-309C-4B21-B4F0-E0C96EBB57D8}.Release|x64.Build.0 = Release|Any CPU
		{B8FF9E35-309C-4B21-B4F0-E0C96EBB57D8}.Release|x86.ActiveCfg = Release|Any CPU
		{B8FF9E35-309C-4B21-B4F0-E0C96EBB57D8}.Release|x86.Build.0 = Release|Any CPU
		{FCAA9FB2-4A51-4188-BDB6-7FC955476B2E}.Debug|Any CPU.ActiveCfg = Debug|Any CPU
		{FCAA9FB2-4A51-4188-BDB6-7FC955476B2E}.Debug|Any CPU.Build.0 = Debug|Any CPU
		{FCAA9FB2-4A51-4188-BDB6-7FC955476B2E}.Debug|Any CPU.Deploy.0 = Debug|Any CPU
		{FCAA9FB2-4A51-4188-BDB6-7FC955476B2E}.Debug|ARM.ActiveCfg = Debug|Any CPU
		{FCAA9FB2-4A51-4188-BDB6-7FC955476B2E}.Debug|ARM.Build.0 = Debug|Any CPU
		{FCAA9FB2-4A51-4188-BDB6-7FC955476B2E}.Debug|ARM.Deploy.0 = Debug|Any CPU
		{FCAA9FB2-4A51-4188-BDB6-7FC955476B2E}.Debug|iPhone.ActiveCfg = Debug|Any CPU
		{FCAA9FB2-4A51-4188-BDB6-7FC955476B2E}.Debug|iPhone.Build.0 = Debug|Any CPU
		{FCAA9FB2-4A51-4188-BDB6-7FC955476B2E}.Debug|iPhone.Deploy.0 = Debug|Any CPU
		{FCAA9FB2-4A51-4188-BDB6-7FC955476B2E}.Debug|iPhoneSimulator.ActiveCfg = Debug|Any CPU
		{FCAA9FB2-4A51-4188-BDB6-7FC955476B2E}.Debug|iPhoneSimulator.Build.0 = Debug|Any CPU
		{FCAA9FB2-4A51-4188-BDB6-7FC955476B2E}.Debug|iPhoneSimulator.Deploy.0 = Debug|Any CPU
		{FCAA9FB2-4A51-4188-BDB6-7FC955476B2E}.Debug|x64.ActiveCfg = Debug|Any CPU
		{FCAA9FB2-4A51-4188-BDB6-7FC955476B2E}.Debug|x64.Build.0 = Debug|Any CPU
		{FCAA9FB2-4A51-4188-BDB6-7FC955476B2E}.Debug|x64.Deploy.0 = Debug|Any CPU
		{FCAA9FB2-4A51-4188-BDB6-7FC955476B2E}.Debug|x86.ActiveCfg = Debug|Any CPU
		{FCAA9FB2-4A51-4188-BDB6-7FC955476B2E}.Debug|x86.Build.0 = Debug|Any CPU
		{FCAA9FB2-4A51-4188-BDB6-7FC955476B2E}.Debug|x86.Deploy.0 = Debug|Any CPU
		{FCAA9FB2-4A51-4188-BDB6-7FC955476B2E}.Release|Any CPU.ActiveCfg = Release|Any CPU
		{FCAA9FB2-4A51-4188-BDB6-7FC955476B2E}.Release|Any CPU.Build.0 = Release|Any CPU
		{FCAA9FB2-4A51-4188-BDB6-7FC955476B2E}.Release|Any CPU.Deploy.0 = Release|Any CPU
		{FCAA9FB2-4A51-4188-BDB6-7FC955476B2E}.Release|ARM.ActiveCfg = Release|Any CPU
		{FCAA9FB2-4A51-4188-BDB6-7FC955476B2E}.Release|ARM.Build.0 = Release|Any CPU
		{FCAA9FB2-4A51-4188-BDB6-7FC955476B2E}.Release|ARM.Deploy.0 = Release|Any CPU
		{FCAA9FB2-4A51-4188-BDB6-7FC955476B2E}.Release|iPhone.ActiveCfg = Release|Any CPU
		{FCAA9FB2-4A51-4188-BDB6-7FC955476B2E}.Release|iPhone.Build.0 = Release|Any CPU
		{FCAA9FB2-4A51-4188-BDB6-7FC955476B2E}.Release|iPhone.Deploy.0 = Release|Any CPU
		{FCAA9FB2-4A51-4188-BDB6-7FC955476B2E}.Release|iPhoneSimulator.ActiveCfg = Release|Any CPU
		{FCAA9FB2-4A51-4188-BDB6-7FC955476B2E}.Release|iPhoneSimulator.Build.0 = Release|Any CPU
		{FCAA9FB2-4A51-4188-BDB6-7FC955476B2E}.Release|iPhoneSimulator.Deploy.0 = Release|Any CPU
		{FCAA9FB2-4A51-4188-BDB6-7FC955476B2E}.Release|x64.ActiveCfg = Release|Any CPU
		{FCAA9FB2-4A51-4188-BDB6-7FC955476B2E}.Release|x64.Build.0 = Release|Any CPU
		{FCAA9FB2-4A51-4188-BDB6-7FC955476B2E}.Release|x64.Deploy.0 = Release|Any CPU
		{FCAA9FB2-4A51-4188-BDB6-7FC955476B2E}.Release|x86.ActiveCfg = Release|Any CPU
		{FCAA9FB2-4A51-4188-BDB6-7FC955476B2E}.Release|x86.Build.0 = Release|Any CPU
		{FCAA9FB2-4A51-4188-BDB6-7FC955476B2E}.Release|x86.Deploy.0 = Release|Any CPU
		{0E5921FA-ED36-421C-B445-F9B5BFDC0E87}.Debug|Any CPU.ActiveCfg = Debug|iPhone
		{0E5921FA-ED36-421C-B445-F9B5BFDC0E87}.Debug|ARM.ActiveCfg = Debug|iPhone
		{0E5921FA-ED36-421C-B445-F9B5BFDC0E87}.Debug|iPhone.ActiveCfg = Debug|iPhone
		{0E5921FA-ED36-421C-B445-F9B5BFDC0E87}.Debug|iPhone.Build.0 = Debug|iPhone
		{0E5921FA-ED36-421C-B445-F9B5BFDC0E87}.Debug|iPhoneSimulator.ActiveCfg = Debug|iPhoneSimulator
		{0E5921FA-ED36-421C-B445-F9B5BFDC0E87}.Debug|iPhoneSimulator.Build.0 = Debug|iPhoneSimulator
		{0E5921FA-ED36-421C-B445-F9B5BFDC0E87}.Debug|x64.ActiveCfg = Debug|iPhone
		{0E5921FA-ED36-421C-B445-F9B5BFDC0E87}.Debug|x86.ActiveCfg = Debug|iPhone
		{0E5921FA-ED36-421C-B445-F9B5BFDC0E87}.Release|Any CPU.ActiveCfg = Release|iPhone
		{0E5921FA-ED36-421C-B445-F9B5BFDC0E87}.Release|ARM.ActiveCfg = Release|iPhone
		{0E5921FA-ED36-421C-B445-F9B5BFDC0E87}.Release|iPhone.ActiveCfg = Release|iPhone
		{0E5921FA-ED36-421C-B445-F9B5BFDC0E87}.Release|iPhone.Build.0 = Release|iPhone
		{0E5921FA-ED36-421C-B445-F9B5BFDC0E87}.Release|iPhoneSimulator.ActiveCfg = Release|iPhoneSimulator
		{0E5921FA-ED36-421C-B445-F9B5BFDC0E87}.Release|iPhoneSimulator.Build.0 = Release|iPhoneSimulator
		{0E5921FA-ED36-421C-B445-F9B5BFDC0E87}.Release|x64.ActiveCfg = Release|iPhone
		{0E5921FA-ED36-421C-B445-F9B5BFDC0E87}.Release|x86.ActiveCfg = Release|iPhone
		{BA7737C4-AF8D-4B64-90C8-CA5AA55A4F25}.Debug|Any CPU.ActiveCfg = Debug|x86
		{BA7737C4-AF8D-4B64-90C8-CA5AA55A4F25}.Debug|ARM.ActiveCfg = Debug|ARM
		{BA7737C4-AF8D-4B64-90C8-CA5AA55A4F25}.Debug|ARM.Build.0 = Debug|ARM
		{BA7737C4-AF8D-4B64-90C8-CA5AA55A4F25}.Debug|ARM.Deploy.0 = Debug|ARM
		{BA7737C4-AF8D-4B64-90C8-CA5AA55A4F25}.Debug|iPhone.ActiveCfg = Debug|x86
		{BA7737C4-AF8D-4B64-90C8-CA5AA55A4F25}.Debug|iPhoneSimulator.ActiveCfg = Debug|x86
		{BA7737C4-AF8D-4B64-90C8-CA5AA55A4F25}.Debug|x64.ActiveCfg = Debug|x64
		{BA7737C4-AF8D-4B64-90C8-CA5AA55A4F25}.Debug|x64.Build.0 = Debug|x64
		{BA7737C4-AF8D-4B64-90C8-CA5AA55A4F25}.Debug|x64.Deploy.0 = Debug|x64
		{BA7737C4-AF8D-4B64-90C8-CA5AA55A4F25}.Debug|x86.ActiveCfg = Debug|x86
		{BA7737C4-AF8D-4B64-90C8-CA5AA55A4F25}.Debug|x86.Build.0 = Debug|x86
		{BA7737C4-AF8D-4B64-90C8-CA5AA55A4F25}.Debug|x86.Deploy.0 = Debug|x86
		{BA7737C4-AF8D-4B64-90C8-CA5AA55A4F25}.Release|Any CPU.ActiveCfg = Release|x86
		{BA7737C4-AF8D-4B64-90C8-CA5AA55A4F25}.Release|ARM.ActiveCfg = Release|ARM
		{BA7737C4-AF8D-4B64-90C8-CA5AA55A4F25}.Release|ARM.Build.0 = Release|ARM
		{BA7737C4-AF8D-4B64-90C8-CA5AA55A4F25}.Release|ARM.Deploy.0 = Release|ARM
		{BA7737C4-AF8D-4B64-90C8-CA5AA55A4F25}.Release|iPhone.ActiveCfg = Release|x86
		{BA7737C4-AF8D-4B64-90C8-CA5AA55A4F25}.Release|iPhoneSimulator.ActiveCfg = Release|x86
		{BA7737C4-AF8D-4B64-90C8-CA5AA55A4F25}.Release|x64.ActiveCfg = Release|x64
		{BA7737C4-AF8D-4B64-90C8-CA5AA55A4F25}.Release|x64.Build.0 = Release|x64
		{BA7737C4-AF8D-4B64-90C8-CA5AA55A4F25}.Release|x64.Deploy.0 = Release|x64
		{BA7737C4-AF8D-4B64-90C8-CA5AA55A4F25}.Release|x86.ActiveCfg = Release|x86
		{BA7737C4-AF8D-4B64-90C8-CA5AA55A4F25}.Release|x86.Build.0 = Release|x86
		{BA7737C4-AF8D-4B64-90C8-CA5AA55A4F25}.Release|x86.Deploy.0 = Release|x86
	EndGlobalSection
	GlobalSection(SolutionProperties) = preSolution
		HideSolutionNode = FALSE
	EndGlobalSection
EndGlobal
